
Microsoft Visual Studio Solution File, Format Version 12.00
# Visual Studio Version 17
VisualStudioVersion = 17.13.35931.197
MinimumVisualStudioVersion = 10.0.40219.1
Project("{8BC9CEB8-8B4A-11D0-8D11-00A0C91BC942}") = "DataLoader", "DataLoader\DataLoader.vcxproj", "{F62CD2A6-7E31-4AEB-E095-985B728D75E8}"
EndProject
Global
	GlobalSection(SolutionConfigurationPlatforms) = preSolution
		Debug|Any CPU = Debug|Any CPU
		Debug|x64 = Debug|x64
		Debug|x86 = Debug|x86
		Release|Any CPU = Release|Any CPU
		Release|x64 = Release|x64
		Release|x86 = Release|x86
	EndGlobalSection
	GlobalSection(ProjectConfigurationPlatforms) = postSolution
		{F62CD2A6-7E31-4AEB-E095-985B728D75E8}.Debug|Any CPU.ActiveCfg = Debug|x64
		{F62CD2A6-7E31-4AEB-E095-985B728D75E8}.Debug|Any CPU.Build.0 = Debug|x64
		{F62CD2A6-7E31-4AEB-E095-985B728D75E8}.Debug|x64.ActiveCfg = Debug|Win32
		{F62CD2A6-7E31-4AEB-E095-985B728D75E8}.Debug|x64.Build.0 = Debug|Win32
		{F62CD2A6-7E31-4AEB-E095-985B728D75E8}.Debug|x86.ActiveCfg = Debug|Win32
		{F62CD2A6-7E31-4AEB-E095-985B728D75E8}.Debug|x86.Build.0 = Debug|Win32
		{F62CD2A6-7E31-4AEB-E095-985B728D75E8}.Release|Any CPU.ActiveCfg = Release|x64
		{F62CD2A6-7E31-4AEB-E095-985B728D75E8}.Release|Any CPU.Build.0 = Release|x64
		{F62CD2A6-7E31-4AEB-E095-985B728D75E8}.Release|x64.ActiveCfg = Release|Win32
		{F62CD2A6-7E31-4AEB-E095-985B728D75E8}.Release|x64.Build.0 = Release|Win32
		{F62CD2A6-7E31-4AEB-E095-985B728D75E8}.Release|x86.ActiveCfg = Release|Win32
		{F62CD2A6-7E31-4AEB-E095-985B728D75E8}.Release|x86.Build.0 = Release|Win32
	EndGlobalSection
	GlobalSection(SolutionProperties) = preSolution
		HideSolutionNode = FALSE
	EndGlobalSection
	GlobalSection(ExtensibilityGlobals) = postSolution
		SolutionGuid = {356F0FB4-9D1F-41FA-8067-8EF65A5146A2}
	EndGlobalSection
EndGlobal
